# This file was autogenerated by Stack.
# You should not edit this file by hand.
# For more information, please see the documentation at:
#   https://docs.haskellstack.org/en/stable/lock_files

packages:
- completed:
    hackage: arduino-copilot-1.7.4@sha256:a3b05213db10f87de72b2bb322211c7d72f2df7806f2e2691bc63555b4ab97ef,3805
    pantry-tree:
      sha256: 3ba3e92cf63ef53a71dec828db7e9a55a566e05a814a354efdab791660364810
      size: 4460
  original:
    hackage: arduino-copilot-1.7.4
- completed:
    hackage: copilot-3.12@sha256:32ea5746e07727a007750f64f137f37252aed970a23a8000a1b4d8bb87ef6688,6488
    pantry-tree:
      sha256: ec1efe3d91f68c619a453ee6257a4f7bc25b1341d6da0746d9eee8226cbdd95f
      size: 1170
  original:
    hackage: copilot-3.12
- completed:
    hackage: copilot-c99-3.12@sha256:483d31628e95bc66bbe6b2d2ba09d6ea7df6743bb7f846f1edfe52f68ae71221,2408
    pantry-tree:
      sha256: 2cdd34db4776052fb3bdda8be5934d2ad723bef3900f205814811432399b0f87
      size: 843
  original:
    hackage: copilot-c99-3.12
- completed:
    hackage: copilot-language-3.12@sha256:c2634eabeb9620041adaf1f856a6f0e6e1fb3686ca3ef0f8171a51f430daebe9,3556
    pantry-tree:
      sha256: 7d8dee6aaddbc0ec0502ce1ed10ab255d9a57988f468e55865b168a5e9653db5
      size: 2371
  original:
    hackage: copilot-language-3.12
- completed:
    hackage: sketch-frp-copilot-1.0.5@sha256:f129919aa5fe2efa3cacd7cf0769c33f8bceb58725ef51882c9978f6de86ecfb,1285
    pantry-tree:
      sha256: 2e55593fcc0934143e00cd7738e5d160eda13d0d916d1e340d6643d4b3a600cc
      size: 423
  original:
    hackage: sketch-frp-copilot-1.0.5
- completed:
    hackage: copilot-core-3.12@sha256:54a506a04b40d23dd5e3399eb4f90157036390625a4c73181de062ab396bef46,2445
    pantry-tree:
      sha256: ce6772b92d59701e2d2831d58cf9686b5fc0270cd1a4c727e3045c1ed547f69a
      size: 1870
  original:
    hackage: copilot-core-3.12
- completed:
    hackage: copilot-interpreter-3.12@sha256:6626a44ebec2ee12c1039ea6a5e5943907a22b6872c093e25771da1f78d8a775,1973
    pantry-tree:
      sha256: e633d2585414c7302da2de8eab533cd658f41bb5b24dd3502cfb6407db382c3e
      size: 728
  original:
    hackage: copilot-interpreter-3.12
- completed:
    hackage: copilot-prettyprinter-3.12@sha256:6c54fbdfefea95fcf4723fa1d449a241b02d980fc7b5761b0ff3d5188c90f21a,1583
    pantry-tree:
      sha256: b105289c4668e9c8fdcb2a66bb7dd4d91385436eab9ff7c4184ed6b05653ffd2
      size: 473
  original:
    hackage: copilot-prettyprinter-3.12
- completed:
    hackage: copilot-theorem-3.12@sha256:904181d22313ad419f41fea212707c3877d34ab3932ed1855aadc014d29aedab,4871
    pantry-tree:
      sha256: 971703eaa210908463c85fa8bb5ee8b51c13261418f7f8878edc37adeab7973d
      size: 2824
  original:
    hackage: copilot-theorem-3.12
- completed:
    hackage: copilot-libraries-3.12@sha256:5d431afe0fd91b74effa0a1082a415bad076adbfcee0647d0cc140f9fa3b9cb9,1880
    pantry-tree:
      sha256: df4546f8ea70b1002e49be9dbb8956e653e01ce03866887d469d54e1ac1c0ae8
      size: 958
  original:
    hackage: copilot-libraries-3.12
- completed:
    hackage: language-c99-0.2.0@sha256:660689db3191edf6164b6e1a00f700bd8d3ebc46dde87c26ad975fd0edbb9953,1587
    pantry-tree:
      sha256: 2cd4138363d171c8d1d5995e4fe6022adc1c940874bcca5b07b129af923d33e8
      size: 399
  original:
    hackage: language-c99-0.2.0
- completed:
    hackage: language-c99-simple-0.2.2@sha256:0555b202c694747c702767d2173877e028baa722765a48bfc8d79afc0fc7c79c,1540
    pantry-tree:
      sha256: 644df3212db5212779507d3da72520444f58c47af1467662206b13e366fd8d57
      size: 574
  original:
    hackage: language-c99-simple-0.2.2
- completed:
    hackage: bimap-0.5.0@sha256:aba506d02a1c93fc2b50dcbe728d2a4d07cca89b7033945418061a0b08576ebd,1889
    pantry-tree:
      sha256: 285f5e86640f4bef3b7a60991defb8dd4b3714f8c294495d1136da182c1315a3
      size: 470
  original:
    hackage: bimap-0.5.0
- completed:
    hackage: bv-sized-1.0.4@sha256:ddb32f807240f79e89bd85d9de16d663cb328d981015523bdf0d88d84e332d4f,2099
    pantry-tree:
      sha256: c0cdef891a5df697cb04b3afa6c47e23c1f54c5e6344d11a6ba66adce13b2784
      size: 709
  original:
    hackage: bv-sized-1.0.4
- completed:
    hackage: language-c99-util-0.2.0@sha256:a46f27692e8d56645a4c9cc6faf530346d35f17002cede64372f025b8d3a57cf,1230
    pantry-tree:
      sha256: 14e0c8c5cf3ee252551efacbc551e5f8c8bab413481c17bc7b85f4dafe478c1d
      size: 489
  original:
    hackage: language-c99-util-0.2.0
- completed:
    hackage: panic-0.4.0.1@sha256:fb46577c9e0ca38c37960572f958a8469f2b577e963ed4f3ea1904d8400d828b,702
    pantry-tree:
      sha256: 2f4a32588a5935a4d58ee50ae2b83cd5be25b1a1b814dbd2c6a9451248c32b4a
      size: 252
  original:
    hackage: panic-0.4.0.1
- completed:
    hackage: parameterized-utils-2.1.5.0@sha256:9afa78ad40442118b11959c9c21f50423dc3be002d58d85a17a8969fbd4f0356,4406
    pantry-tree:
      sha256: 4ed2f5f1f83e738b0c617c2385a6cabc2a63d8f42801fcb5bc12e415a5c10cd3
      size: 3292
  original:
    hackage: parameterized-utils-2.1.5.0
- completed:
    hackage: what4-1.3@sha256:cc0b7a8ca310f1bfa41d5a8cee6c53529707955c7a70000f016819e04004f30f,9183
    pantry-tree:
      sha256: cde019753623687e77f2b9d8e9555627b7d30555ac5641c170ce9d738df4e60c
      size: 9148
  original:
    hackage: what4-1.3
- completed:
    hackage: bitwise-1.0.0.1@sha256:04c0e0c65a9228d9e004b5c4b08633b2f0e915afe8f3affc9bd16f75f92ccf61,3110
    pantry-tree:
      sha256: fe95409d2e77769965df68eade44e6eb5fcc63643a94e2645cd5db357670b20f
      size: 760
  original:
    hackage: bitwise-1.0.0.1
- completed:
    hackage: config-value-0.8.3@sha256:94f504c5c7ad950f7154950e2850ee7db80bd0c0271e945d452332192cb1a4b8,1905
    pantry-tree:
      sha256: 46d7e50b8251a487921ffadf7ac1f4f1eb4fe9bf7d94caeedd94ee5f4851110a
      size: 1034
  original:
    hackage: config-value-0.8.3
- completed:
    hackage: zenc-0.1.2@sha256:2b32c40a3c11f07f466604526aacad2a535309da11b203334dbf586333c13534,1350
    pantry-tree:
      sha256: e33b84b5528779e4d5c0887b88ebdb0290902ba4367ed786dfc366b29d485d81
      size: 302
  original:
    hackage: zenc-0.1.2
snapshots:
- completed:
    sha256: e5f56f619132209b826084cacd6374d7f0344cc88a9d1d305878190e4204ae1f
    size: 619205
    url: https://raw.githubusercontent.com/commercialhaskell/stackage-snapshots/master/lts/19/31.yaml
  original:
    url: https://raw.githubusercontent.com/commercialhaskell/stackage-snapshots/master/lts/19/31.yaml
