# This file was autogenerated by Stack.
# You should not edit this file by hand.
# For more information, please see the documentation at:
#   https://docs.haskellstack.org/en/stable/lock_files

packages:
- completed:
    hackage: arduino-copilot-1.7.3@sha256:72c9ec7714933b08a491a5f8d1e7bac1668ad8eef1b49244133f58dd0250c0c9,3805
    pantry-tree:
      sha256: e890f20ea6c7e4ef726b8922316ee8177dcc3c9284c866d7fc67fcc115621c0c
      size: 4460
  original:
    hackage: arduino-copilot-1.7.3
- completed:
    hackage: copilot-3.11@sha256:021cc75e59206d597ec13b97d8645b1f95d592be1abaa9409ed25fad916c484c,6488
    pantry-tree:
      sha256: de07ac73b5a0874dde79b53f86183afeee899084bb3a7804f34df9b82b53a117
      size: 1170
  original:
    hackage: copilot-3.11
- completed:
    hackage: copilot-c99-3.11@sha256:25b7737c27fc1434eb98985a7ec864f2359d71bb14f04875fbfbf5e722b13ce4,2650
    pantry-tree:
      sha256: a18c480b0637ddfe1ee35b59af19fe92112a342b22407cfebd849779b336e3e1
      size: 843
  original:
    hackage: copilot-c99-3.11
- completed:
    hackage: copilot-language-3.11@sha256:37f7ed2223847bffd1d4a9d6e9af7cc59f28059ca569855ebf08239abf5bdfef,3483
    pantry-tree:
      sha256: 0bf9b5fc7d2827c7909759e1856c0cf99a517613a057509387dc409512ba8c9d
      size: 2371
  original:
    hackage: copilot-language-3.11
- completed:
    hackage: sketch-frp-copilot-1.0.4@sha256:09bd88b1bc32304c06ecb73e330433aa6b94e674f2eb62a9178ae3e0b1d3a2e9,1285
    pantry-tree:
      sha256: e93e0ca50f8412f77bb17a741699661027158ae6b05d7527d3e03e8e91bec728
      size: 422
  original:
    hackage: sketch-frp-copilot-1.0.4
- completed:
    hackage: copilot-core-3.11@sha256:3cb073e25baced9dcaa2cb148ca278be488e776a69c82b3fca519ee43ef1a3e4,2445
    pantry-tree:
      sha256: dec4a44f2e40cf029092fe4af2597f732ac1629afd1c45c56db1b541d7340bef
      size: 1869
  original:
    hackage: copilot-core-3.11
- completed:
    hackage: copilot-interpreter-3.11@sha256:7485f89be5dad1f7a8a99d4d7afc44a53bc385c64415f684f2bda0351c2212a1,1945
    pantry-tree:
      sha256: 5e22fac5886ec4e1ccbef1e4179d27a38b82c76db1238158963bd112a5c6e65e
      size: 728
  original:
    hackage: copilot-interpreter-3.11
- completed:
    hackage: copilot-libraries-3.11@sha256:fdd258a4349e90070dffc8695ce34447595c987dbeb725b315424f4de7e69966,1880
    pantry-tree:
      sha256: d0390d7eac4f6b60cf7ed3c0f974acc77c5a8b6aa8fe88f0593e364591d67ea0
      size: 958
  original:
    hackage: copilot-libraries-3.11
- completed:
    hackage: copilot-theorem-3.11@sha256:e3a1705aeddd256061c1c2a4eff00374824428e9a4bdb1dfdcca0b70806252b0,4605
    pantry-tree:
      sha256: e37adebd369f55d562472eba40fc710c5056f36ba877db91e4c17c51c2d909a2
      size: 2744
  original:
    hackage: copilot-theorem-3.11
- completed:
    hackage: language-c99-0.2.0@sha256:660689db3191edf6164b6e1a00f700bd8d3ebc46dde87c26ad975fd0edbb9953,1587
    pantry-tree:
      sha256: 2cd4138363d171c8d1d5995e4fe6022adc1c940874bcca5b07b129af923d33e8
      size: 399
  original:
    hackage: language-c99-0.2.0
- completed:
    hackage: language-c99-simple-0.2.2@sha256:0555b202c694747c702767d2173877e028baa722765a48bfc8d79afc0fc7c79c,1540
    pantry-tree:
      sha256: 644df3212db5212779507d3da72520444f58c47af1467662206b13e366fd8d57
      size: 574
  original:
    hackage: language-c99-simple-0.2.2
- completed:
    hackage: bimap-0.5.0@sha256:aba506d02a1c93fc2b50dcbe728d2a4d07cca89b7033945418061a0b08576ebd,1889
    pantry-tree:
      sha256: 285f5e86640f4bef3b7a60991defb8dd4b3714f8c294495d1136da182c1315a3
      size: 470
  original:
    hackage: bimap-0.5.0
- completed:
    hackage: bv-sized-1.0.4@sha256:ddb32f807240f79e89bd85d9de16d663cb328d981015523bdf0d88d84e332d4f,2099
    pantry-tree:
      sha256: c0cdef891a5df697cb04b3afa6c47e23c1f54c5e6344d11a6ba66adce13b2784
      size: 709
  original:
    hackage: bv-sized-1.0.4
- completed:
    hackage: language-c99-util-0.2.0@sha256:a46f27692e8d56645a4c9cc6faf530346d35f17002cede64372f025b8d3a57cf,1230
    pantry-tree:
      sha256: 14e0c8c5cf3ee252551efacbc551e5f8c8bab413481c17bc7b85f4dafe478c1d
      size: 489
  original:
    hackage: language-c99-util-0.2.0
- completed:
    hackage: panic-0.4.0.1@sha256:fb46577c9e0ca38c37960572f958a8469f2b577e963ed4f3ea1904d8400d828b,702
    pantry-tree:
      sha256: 2f4a32588a5935a4d58ee50ae2b83cd5be25b1a1b814dbd2c6a9451248c32b4a
      size: 252
  original:
    hackage: panic-0.4.0.1
- completed:
    hackage: parameterized-utils-2.1.5.0@sha256:9afa78ad40442118b11959c9c21f50423dc3be002d58d85a17a8969fbd4f0356,4406
    pantry-tree:
      sha256: 4ed2f5f1f83e738b0c617c2385a6cabc2a63d8f42801fcb5bc12e415a5c10cd3
      size: 3292
  original:
    hackage: parameterized-utils-2.1.5.0
- completed:
    hackage: what4-1.3@sha256:cc0b7a8ca310f1bfa41d5a8cee6c53529707955c7a70000f016819e04004f30f,9183
    pantry-tree:
      sha256: cde019753623687e77f2b9d8e9555627b7d30555ac5641c170ce9d738df4e60c
      size: 9148
  original:
    hackage: what4-1.3
- completed:
    hackage: bitwise-1.0.0.1@sha256:04c0e0c65a9228d9e004b5c4b08633b2f0e915afe8f3affc9bd16f75f92ccf61,3110
    pantry-tree:
      sha256: fe95409d2e77769965df68eade44e6eb5fcc63643a94e2645cd5db357670b20f
      size: 760
  original:
    hackage: bitwise-1.0.0.1
- completed:
    hackage: config-value-0.8.3@sha256:94f504c5c7ad950f7154950e2850ee7db80bd0c0271e945d452332192cb1a4b8,1905
    pantry-tree:
      sha256: 46d7e50b8251a487921ffadf7ac1f4f1eb4fe9bf7d94caeedd94ee5f4851110a
      size: 1034
  original:
    hackage: config-value-0.8.3
- completed:
    hackage: zenc-0.1.2@sha256:2b32c40a3c11f07f466604526aacad2a535309da11b203334dbf586333c13534,1350
    pantry-tree:
      sha256: e33b84b5528779e4d5c0887b88ebdb0290902ba4367ed786dfc366b29d485d81
      size: 302
  original:
    hackage: zenc-0.1.2
snapshots:
- completed:
    sha256: e5f56f619132209b826084cacd6374d7f0344cc88a9d1d305878190e4204ae1f
    size: 619205
    url: https://raw.githubusercontent.com/commercialhaskell/stackage-snapshots/master/lts/19/31.yaml
  original:
    url: https://raw.githubusercontent.com/commercialhaskell/stackage-snapshots/master/lts/19/31.yaml
